
Microsoft Visual Studio Solution File, Format Version 12.00
# Visual Studio 14
VisualStudioVersion = 14.0.23107.0
MinimumVisualStudioVersion = 10.0.40219.1
Project("{FAE04EC0-301F-11D3-BF4B-00C04F79EFBC}") = "Teva.Common.Data.Gremlin", "Teva.Common.Data.Gremlin.csproj", "{7A26DE1E-7183-4158-9AEC-148A8F35DC7D}"
EndProject
Global
	GlobalSection(SolutionConfigurationPlatforms) = preSolution
		Debug|Any CPU = Debug|Any CPU
		Release|Any CPU = Release|Any CPU
	EndGlobalSection
	GlobalSection(ProjectConfigurationPlatforms) = postSolution
		{7A26DE1E-7183-4158-9AEC-148A8F35DC7D}.Debug|Any CPU.ActiveCfg = Debug|Any CPU
		{7A26DE1E-7183-4158-9AEC-148A8F35DC7D}.Debug|Any CPU.Build.0 = Debug|Any CPU
		{7A26DE1E-7183-4158-9AEC-148A8F35DC7D}.Release|Any CPU.ActiveCfg = Release|Any CPU
		{7A26DE1E-7183-4158-9AEC-148A8F35DC7D}.Release|Any CPU.Build.0 = Release|Any CPU
	EndGlobalSection
	GlobalSection(SolutionProperties) = preSolution
		HideSolutionNode = FALSE
	EndGlobalSection
EndGlobal
